
Microsoft Visual Studio Solution File, Format Version 12.00
# Visual Studio Version 17
VisualStudioVersion = 17.4.33213.308
MinimumVisualStudioVersion = 10.0.40219.1
Project("{FAE04EC0-301F-11D3-BF4B-00C04F79EFBC}") = "ComboBox", "ComboBox\ComboBox.csproj", "{BAE755FB-B20F-4B9E-B042-FBE0C27910A7}"
EndProject
Global
	GlobalSection(SolutionConfigurationPlatforms) = preSolution
		Debug|Any CPU = Debug|Any CPU
		Release|Any CPU = Release|Any CPU
	EndGlobalSection
	GlobalSection(ProjectConfigurationPlatforms) = postSolution
		{BAE755FB-B20F-4B9E-B042-FBE0C27910A7}.Debug|Any CPU.ActiveCfg = Debug|Any CPU
		{BAE755FB-B20F-4B9E-B042-FBE0C27910A7}.Debug|Any CPU.Build.0 = Debug|Any CPU
		{BAE755FB-B20F-4B9E-B042-FBE0C27910A7}.Release|Any CPU.ActiveCfg = Release|Any CPU
		{BAE755FB-B20F-4B9E-B042-FBE0C27910A7}.Release|Any CPU.Build.0 = Release|Any CPU
	EndGlobalSection
	GlobalSection(SolutionProperties) = preSolution
		HideSolutionNode = FALSE
	EndGlobalSection
	GlobalSection(ExtensibilityGlobals) = postSolution
		SolutionGuid = {9B285C4D-BC65-49D2-A1C2-0CB688CC5184}
	EndGlobalSection
EndGlobal
